
Microsoft Visual Studio Solution File, Format Version 12.00
# Visual Studio Version 16
VisualStudioVersion = 16.0.30406.217
MinimumVisualStudioVersion = 10.0.40219.1
Project("{9A19103F-16F7-4668-BE54-9A1E7A4F7556}") = "ClientOpenD", "ClientOpenD.csproj", "{D0984C1C-5E67-40FD-8E02-DF5086385CDD}"
EndProject
Global
	GlobalSection(SolutionConfigurationPlatforms) = preSolution
		Debug|Any CPU = Debug|Any CPU
		Release|Any CPU = Release|Any CPU
	EndGlobalSection
	GlobalSection(ProjectConfigurationPlatforms) = postSolution
		{D0984C1C-5E67-40FD-8E02-DF5086385CDD}.Debug|Any CPU.ActiveCfg = Debug|Any CPU
		{D0984C1C-5E67-40FD-8E02-DF5086385CDD}.Debug|Any CPU.Build.0 = Debug|Any CPU
		{D0984C1C-5E67-40FD-8E02-DF5086385CDD}.Release|Any CPU.ActiveCfg = Release|Any CPU
		{D0984C1C-5E67-40FD-8E02-DF5086385CDD}.Release|Any CPU.Build.0 = Release|Any CPU
	EndGlobalSection
	GlobalSection(SolutionProperties) = preSolution
		HideSolutionNode = FALSE
	EndGlobalSection
	GlobalSection(ExtensibilityGlobals) = postSolution
		SolutionGuid = {7D0C4BEF-1772-40C1-9A8F-82F3FD233897}
	EndGlobalSection
EndGlobal
